
Microsoft Visual Studio Solution File, Format Version 12.00
# Visual Studio Version 17
VisualStudioVersion = 17.10.35013.160
MinimumVisualStudioVersion = 10.0.40219.1
Project("{FAE04EC0-301F-11D3-BF4B-00C04F79EFBC}") = "пп", "пп\пп.csproj", "{3A5F3F42-FAC5-4DDC-8EC5-62C24348E721}"
EndProject
Global
	GlobalSection(SolutionConfigurationPlatforms) = preSolution
		Debug|Any CPU = Debug|Any CPU
		Release|Any CPU = Release|Any CPU
	EndGlobalSection
	GlobalSection(ProjectConfigurationPlatforms) = postSolution
		{3A5F3F42-FAC5-4DDC-8EC5-62C24348E721}.Debug|Any CPU.ActiveCfg = Debug|Any CPU
		{3A5F3F42-FAC5-4DDC-8EC5-62C24348E721}.Debug|Any CPU.Build.0 = Debug|Any CPU
		{3A5F3F42-FAC5-4DDC-8EC5-62C24348E721}.Release|Any CPU.ActiveCfg = Release|Any CPU
		{3A5F3F42-FAC5-4DDC-8EC5-62C24348E721}.Release|Any CPU.Build.0 = Release|Any CPU
	EndGlobalSection
	GlobalSection(SolutionProperties) = preSolution
		HideSolutionNode = FALSE
	EndGlobalSection
	GlobalSection(ExtensibilityGlobals) = postSolution
		SolutionGuid = {E8944720-749A-475F-903A-0E7267D57FDD}
	EndGlobalSection
EndGlobal
